
Microsoft Visual Studio Solution File, Format Version 12.00
Project("{FAE04EC0-301F-11D3-BF4B-00C04F79EFBC}") = "QuickSort", "QuickSort\QuickSort.csproj", "{011653E0-5843-4297-B8D2-6C5099B5E299}"
EndProject
Global
	GlobalSection(SolutionConfigurationPlatforms) = preSolution
		Debug|Any CPU = Debug|Any CPU
		Release|Any CPU = Release|Any CPU
	EndGlobalSection
	GlobalSection(ProjectConfigurationPlatforms) = postSolution
		{011653E0-5843-4297-B8D2-6C5099B5E299}.Debug|Any CPU.ActiveCfg = Debug|Any CPU
		{011653E0-5843-4297-B8D2-6C5099B5E299}.Debug|Any CPU.Build.0 = Debug|Any CPU
		{011653E0-5843-4297-B8D2-6C5099B5E299}.Release|Any CPU.ActiveCfg = Release|Any CPU
		{011653E0-5843-4297-B8D2-6C5099B5E299}.Release|Any CPU.Build.0 = Release|Any CPU
	EndGlobalSection
EndGlobal
